PODS:
  - Cuckoo (1.5.1):
    - Cuckoo/Swift (= 1.5.1)
  - Cuckoo/Swift (1.5.1)
  - Realm (10.15.0):
    - Realm/Headers (= 10.15.0)
  - Realm/Headers (10.15.0)
  - RealmSwift (10.15.0):
    - Realm (= 10.15.0)
  - Swinject (2.8.0)
  - SwinjectAutoregistration (2.7.0):
    - Swinject (~> 2.7)

DEPENDENCIES:
  - Cuckoo
  - RealmSwift
  - Swinject
  - SwinjectAutoregistration

SPEC REPOS:
  trunk:
    - Cuckoo
    - Realm
    - RealmSwift
    - Swinject
    - SwinjectAutoregistration

SPEC CHECKSUMS:
  Cuckoo: 9124fe138270854903483c270370e6e7658fbc9b
  Realm: 13e805eb23d3eb8d8bb700d9cf9761f4b625b389
  RealmSwift: 51b29bb4e19fe7322c8a599cf3494b8a08888ef1
  Swinject: db795b8d6d78559b25fbebb0170d2635be1176e2
  SwinjectAutoregistration: 330f5012642a8b5c89a8a4adb0c5e52df07382c0

PODFILE CHECKSUM: 7cbf834d8634a7554ec41c0705f45681095869eb

COCOAPODS: 1.11.0
